
Microsoft Visual Studio Solution File, Format Version 12.00
# Visual Studio Version 17
VisualStudioVersion = 17.2.32630.192
MinimumVisualStudioVersion = 10.0.40219.1
Project("{FAE04EC0-301F-11D3-BF4B-00C04F79EFBC}") = "ChessLogic", "ChessLogic\ChessLogic.csproj", "{AF74FC07-77B4-4C06-8E48-6D56368DB4CE}"
EndProject
Project("{FAE04EC0-301F-11D3-BF4B-00C04F79EFBC}") = "ChessUI", "ChessUI\ChessUI.csproj", "{7F0B76F6-EB0D-4410-9FFB-6DA1FC6D1B41}"
EndProject
Global
	GlobalSection(SolutionConfigurationPlatforms) = preSolution
		Debug|Any CPU = Debug|Any CPU
		Release|Any CPU = Release|Any CPU
	EndGlobalSection
	GlobalSection(ProjectConfigurationPlatforms) = postSolution
		{AF74FC07-77B4-4C06-8E48-6D56368DB4CE}.Debug|Any CPU.ActiveCfg = Debug|Any CPU
		{AF74FC07-77B4-4C06-8E48-6D56368DB4CE}.Debug|Any CPU.Build.0 = Debug|Any CPU
		{AF74FC07-77B4-4C06-8E48-6D56368DB4CE}.Release|Any CPU.ActiveCfg = Release|Any CPU
		{AF74FC07-77B4-4C06-8E48-6D56368DB4CE}.Release|Any CPU.Build.0 = Release|Any CPU
		{7F0B76F6-EB0D-4410-9FFB-6DA1FC6D1B41}.Debug|Any CPU.ActiveCfg = Debug|Any CPU
		{7F0B76F6-EB0D-4410-9FFB-6DA1FC6D1B41}.Debug|Any CPU.Build.0 = Debug|Any CPU
		{7F0B76F6-EB0D-4410-9FFB-6DA1FC6D1B41}.Release|Any CPU.ActiveCfg = Release|Any CPU
		{7F0B76F6-EB0D-4410-9FFB-6DA1FC6D1B41}.Release|Any CPU.Build.0 = Release|Any CPU
	EndGlobalSection
	GlobalSection(SolutionProperties) = preSolution
		HideSolutionNode = FALSE
	EndGlobalSection
	GlobalSection(ExtensibilityGlobals) = postSolution
		SolutionGuid = {975FB668-C81C-45C5-BA56-D6E22ED5774E}
	EndGlobalSection
EndGlobal
